
Microsoft Visual Studio Solution File, Format Version 12.00
# Visual Studio Version 17
VisualStudioVersion = 17.14.36310.24 d17.14
MinimumVisualStudioVersion = 10.0.40219.1
Project("{8BC9CEB8-8B4A-11D0-8D11-00A0C91BC942}") = "insidingforfeds_macro", "insidingforfeds_macro\insidingforfeds_macro.vcxproj", "{D1E6EE01-965A-4A34-AABB-5327B86A20A2}"
EndProject
Global
	GlobalSection(SolutionConfigurationPlatforms) = preSolution
		Debug|x64 = Debug|x64
		Debug|x86 = Debug|x86
		Release|x64 = Release|x64
		Release|x86 = Release|x86
	EndGlobalSection
	GlobalSection(ProjectConfigurationPlatforms) = postSolution
		{D1E6EE01-965A-4A34-AABB-5327B86A20A2}.Debug|x64.ActiveCfg = Debug|x64
		{D1E6EE01-965A-4A34-AABB-5327B86A20A2}.Debug|x64.Build.0 = Debug|x64
		{D1E6EE01-965A-4A34-AABB-5327B86A20A2}.Debug|x86.ActiveCfg = Debug|Win32
		{D1E6EE01-965A-4A34-AABB-5327B86A20A2}.Debug|x86.Build.0 = Debug|Win32
		{D1E6EE01-965A-4A34-AABB-5327B86A20A2}.Release|x64.ActiveCfg = Release|x64
		{D1E6EE01-965A-4A34-AABB-5327B86A20A2}.Release|x64.Build.0 = Release|x64
		{D1E6EE01-965A-4A34-AABB-5327B86A20A2}.Release|x86.ActiveCfg = Release|Win32
		{D1E6EE01-965A-4A34-AABB-5327B86A20A2}.Release|x86.Build.0 = Release|Win32
	EndGlobalSection
	GlobalSection(SolutionProperties) = preSolution
		HideSolutionNode = FALSE
	EndGlobalSection
	GlobalSection(ExtensibilityGlobals) = postSolution
		SolutionGuid = {EA46EAC4-C31A-4146-BDB0-24862BDC36D5}
	EndGlobalSection
EndGlobal
